{
  "name": "langguessr",
  "version": "1.0.0",
  "lockfileVersion": 1,
  "requires": true,
  "dependencies": {
    "collapse-white-space": {
      "version": "1.0.6",
      "resolved": "https://registry.npmjs.org/collapse-white-space/-/collapse-white-space-1.0.6.tgz",
      "integrity": "sha512-jEovNnrhMuqyCcjfEJA56v0Xq8SkIoPKDyaHahwo3POf4qcSXqMYuwNcOTzp74vTsR9Tn08z4MxWqAhcekogkQ=="
    },
    "colors": {
      "version": "1.4.0",
      "resolved": "https://registry.npmjs.org/colors/-/colors-1.4.0.tgz",
      "integrity": "sha512-a+UqTh4kgZg/SlGvfbzDHpgRu7AAQOmmqRHJnxhRZICKFUT91brVhNNt58CMWU9PsBbv3PDCZUHbVxuDiH2mtA=="
    },
    "franc": {
      "version": "5.0.0",
      "resolved": "https://registry.npmjs.org/franc/-/franc-5.0.0.tgz",
      "integrity": "sha512-ioKMLQlZv0T4qQ/AivMt8y8i4M3RWvVeOAm8y8SAjfcN+shtHVqR7NKAQAfQcrxWIbmfne4pRTcgNBcM0bj60A==",
      "requires": {
        "trigram-utils": "^1.0.0"
      }
    },
    "langs": {
      "version": "2.0.0",
      "resolved": "https://registry.npmjs.org/langs/-/langs-2.0.0.tgz",
      "integrity": "sha1-AMMs5IFSpJphRFC5uiYyq1igo2Q="
    },
    "n-gram": {
      "version": "1.1.2",
      "resolved": "https://registry.npmjs.org/n-gram/-/n-gram-1.1.2.tgz",
      "integrity": "sha512-mBTpWKp0NHdujHmxrskPg2jc108mjyMmVxHN1rZGK/ogTLi9O0debDIXlQPqotNELdNmVGtL4jr7SCig+4OWvQ=="
    },
    "trigram-utils": {
      "version": "1.0.3",
      "resolved": "https://registry.npmjs.org/trigram-utils/-/trigram-utils-1.0.3.tgz",
      "integrity": "sha512-UAhS1Ll21FtClVIzIN0I/SmGnJ+D08BOxX7Dl1penV8raC0ksf2dJkhNI6kU1Mj3uT86Bul12iMvxXquXSYSng==",
      "requires": {
        "collapse-white-space": "^1.0.0",
        "n-gram": "^1.0.0",
        "trim": "0.0.1"
      }
    },
    "trim": {
      "version": "0.0.1",
      "resolved": "https://registry.npmjs.org/trim/-/trim-0.0.1.tgz",
      "integrity": "sha1-WFhUf2spB1fulczMZm+1AITEYN0="
    }
  }
}
